
Microsoft Visual Studio Solution File, Format Version 12.00
# Visual Studio 2012
Project("{FAE04EC0-301F-11D3-BF4B-00C04F79EFBC}") = "ViewSwitcherDemo", "ViewSwitcherDemo\ViewSwitcherDemo.csproj", "{D4A37494-5664-4938-BA33-1038997866A1}"
EndProject
Global
	GlobalSection(SolutionConfigurationPlatforms) = preSolution
		Debug|iPhoneSimulator = Debug|iPhoneSimulator
		Release|iPhone = Release|iPhone
		Release|iPhoneSimulator = Release|iPhoneSimulator
		Debug|iPhone = Debug|iPhone
	EndGlobalSection
	GlobalSection(ProjectConfigurationPlatforms) = postSolution
		{D4A37494-5664-4938-BA33-1038997866A1}.Debug|iPhone.ActiveCfg = Debug|iPhone
		{D4A37494-5664-4938-BA33-1038997866A1}.Debug|iPhone.Build.0 = Debug|iPhone
		{D4A37494-5664-4938-BA33-1038997866A1}.Debug|iPhoneSimulator.ActiveCfg = Debug|iPhoneSimulator
		{D4A37494-5664-4938-BA33-1038997866A1}.Debug|iPhoneSimulator.Build.0 = Debug|iPhoneSimulator
		{D4A37494-5664-4938-BA33-1038997866A1}.Release|iPhone.ActiveCfg = Release|iPhone
		{D4A37494-5664-4938-BA33-1038997866A1}.Release|iPhone.Build.0 = Release|iPhone
		{D4A37494-5664-4938-BA33-1038997866A1}.Release|iPhoneSimulator.ActiveCfg = Release|iPhoneSimulator
		{D4A37494-5664-4938-BA33-1038997866A1}.Release|iPhoneSimulator.Build.0 = Release|iPhoneSimulator
	EndGlobalSection
EndGlobal
